{"filter":false,"title":"package-lock.json","tooltip":"/LABS/Lab.Webpack/package-lock.json","undoManager":{"mark":-1,"position":-1,"stack":[]},"ace":{"folds":[],"scrolltop":0,"scrollleft":0,"selection":{"start":{"row":0,"column":0},"end":{"row":0,"column":0},"isBackwards":false},"options":{"guessTabSize":true,"useWrapMode":false,"wrapToView":true},"firstLineState":0},"timestamp":1656530384617,"hash":"563444d32476328b7453fa0a14a6f2370f01dcd1"}