{"filter":false,"title":"package-lock.json","tooltip":"/2206-fsa-rm-web-ft-jpfp/package-lock.json","undoManager":{"mark":-1,"position":-1,"stack":[]},"ace":{"folds":[],"scrolltop":0,"scrollleft":0,"selection":{"start":{"row":0,"column":0},"end":{"row":0,"column":0},"isBackwards":false},"options":{"guessTabSize":true,"useWrapMode":false,"wrapToView":true},"firstLineState":0},"timestamp":1657650161216,"hash":"c5b216c0f379135b60bb10a240a25893e8b26af2"}