{"filter":false,"title":"package-lock.json","tooltip":"/nodejs-workshop/package-lock.json","undoManager":{"mark":-1,"position":-1,"stack":[]},"ace":{"folds":[],"scrolltop":0,"scrollleft":0,"selection":{"start":{"row":0,"column":0},"end":{"row":0,"column":0},"isBackwards":false},"options":{"guessTabSize":true,"useWrapMode":false,"wrapToView":true},"firstLineState":0},"timestamp":1660431148615,"hash":"152b924123a7c138811d5510f3c43a3e91c139aa"}