{"filter":false,"title":"package-lock.json","tooltip":"/foundations-final-checkpoint/package-lock.json","undoManager":{"mark":-1,"position":-1,"stack":[]},"ace":{"folds":[],"scrolltop":12120,"scrollleft":0,"selection":{"start":{"row":0,"column":0},"end":{"row":0,"column":0},"isBackwards":false},"options":{"guessTabSize":true,"useWrapMode":false,"wrapToView":true},"firstLineState":{"row":864,"state":"start","mode":"ace/mode/json"}},"timestamp":1655307026768,"hash":"edd6c182dac96e689ec10d8b59a63fe02b3141c9"}