{"filter":false,"title":"package-lock.json","tooltip":"/twitterBot/package-lock.json","undoManager":{"mark":-1,"position":-1,"stack":[]},"ace":{"folds":[],"scrolltop":0,"scrollleft":0,"selection":{"start":{"row":5,"column":15},"end":{"row":5,"column":15},"isBackwards":false},"options":{"guessTabSize":true,"useWrapMode":false,"wrapToView":true},"firstLineState":0},"timestamp":1660263802359,"hash":"17ac3370ad0e31ce767111b7216a34486a2a5d2b"}